
Microsoft Visual Studio Solution File, Format Version 12.00
# Visual Studio Version 16
VisualStudioVersion = 16.0.31205.134
MinimumVisualStudioVersion = 10.0.40219.1
Project("{FAE04EC0-301F-11D3-BF4B-00C04F79EFBC}") = "MSIT141Site", "MSIT141Site.csproj", "{3C2893B4-41EA-4FD3-9137-8E52D176FCF9}"
EndProject
Global
	GlobalSection(SolutionConfigurationPlatforms) = preSolution
		Debug|Any CPU = Debug|Any CPU
		Release|Any CPU = Release|Any CPU
	EndGlobalSection
	GlobalSection(ProjectConfigurationPlatforms) = postSolution
		{3C2893B4-41EA-4FD3-9137-8E52D176FCF9}.Debug|Any CPU.ActiveCfg = Debug|Any CPU
		{3C2893B4-41EA-4FD3-9137-8E52D176FCF9}.Debug|Any CPU.Build.0 = Debug|Any CPU
		{3C2893B4-41EA-4FD3-9137-8E52D176FCF9}.Release|Any CPU.ActiveCfg = Release|Any CPU
		{3C2893B4-41EA-4FD3-9137-8E52D176FCF9}.Release|Any CPU.Build.0 = Release|Any CPU
	EndGlobalSection
	GlobalSection(SolutionProperties) = preSolution
		HideSolutionNode = FALSE
	EndGlobalSection
	GlobalSection(ExtensibilityGlobals) = postSolution
		SolutionGuid = {DB62A31F-89CA-4CB1-946E-4BF31D32DC20}
	EndGlobalSection
EndGlobal
